// !$*UTF8*$!
{
	archiveVersion = 1;
	classes = {
	};
	objectVersion = 77;
	objects = {

/* Begin PBXBuildFile section */
		119A924FD169AF0CEC70F208 /* GovveeApp.swift in Sources */ = {isa = PBXBuildFile; fileRef = EC29BF342CAB6F0B04F3A94A /* GovveeApp.swift */; };
		295E123ACAA85EBE9A014876 /* LoginView.swift in Sources */ = {isa = PBXBuildFile; fileRef = 7E2C46E77D10544E24F455EA /* LoginView.swift */; };
		2A40EE448433181E5A9AB80F /* Theme.swift in Sources */ = {isa = PBXBuildFile; fileRef = A4829F74CA7924F1B88AC472 /* Theme.swift */; };
		37D79C45A1D6B277EB2B0A8C /* AppState.swift in Sources */ = {isa = PBXBuildFile; fileRef = 48B961E244F3C68788378F13 /* AppState.swift */; };
		68E56875B09715FF343D5AB3 /* CapabilityControls.swift in Sources */ = {isa = PBXBuildFile; fileRef = 602B9335D6BBA42543B2F1CA /* CapabilityControls.swift */; };
		8D6873B0251F801FECFE0EC5 /* GoveeModels.swift in Sources */ = {isa = PBXBuildFile; fileRef = 86A931C36209F6C871492950 /* GoveeModels.swift */; };
		AB2E22B544E5CC12B23A38D4 /* DeviceListView.swift in Sources */ = {isa = PBXBuildFile; fileRef = 2617C991DEDE85F68BCC6037 /* DeviceListView.swift */; };
		AD13A143228550EA69785EB8 /* KeychainStore.swift in Sources */ = {isa = PBXBuildFile; fileRef = 223717E05E5BD0874DB2A626 /* KeychainStore.swift */; };
		D2D9B59434AA64ED687640DE /* GoveeAPIClient.swift in Sources */ = {isa = PBXBuildFile; fileRef = 365947679C18258032088113 /* GoveeAPIClient.swift */; };
		DFEF2650BFE10DFD833C3D48 /* DeviceDetailView.swift in Sources */ = {isa = PBXBuildFile; fileRef = EC2C5DA336638F6E05A3B6CE /* DeviceDetailView.swift */; };
/* End PBXBuildFile section */

/* Begin PBXFileReference section */
		223717E05E5BD0874DB2A626 /* KeychainStore.swift */ = {isa = PBXFileReference; lastKnownFileType = sourcecode.swift; path = KeychainStore.swift; sourceTree = "<group>"; };
		2617C991DEDE85F68BCC6037 /* DeviceListView.swift */ = {isa = PBXFileReference; lastKnownFileType = sourcecode.swift; path = DeviceListView.swift; sourceTree = "<group>"; };
		365947679C18258032088113 /* GoveeAPIClient.swift */ = {isa = PBXFileReference; lastKnownFileType = sourcecode.swift; path = GoveeAPIClient.swift; sourceTree = "<group>"; };
		48B961E244F3C68788378F13 /* AppState.swift */ = {isa = PBXFileReference; lastKnownFileType = sourcecode.swift; path = AppState.swift; sourceTree = "<group>"; };
		602B9335D6BBA42543B2F1CA /* CapabilityControls.swift */ = {isa = PBXFileReference; lastKnownFileType = sourcecode.swift; path = CapabilityControls.swift; sourceTree = "<group>"; };
		7E2C46E77D10544E24F455EA /* LoginView.swift */ = {isa = PBXFileReference; lastKnownFileType = sourcecode.swift; path = LoginView.swift; sourceTree = "<group>"; };
		86A931C36209F6C871492950 /* GoveeModels.swift */ = {isa = PBXFileReference; lastKnownFileType = sourcecode.swift; path = GoveeModels.swift; sourceTree = "<group>"; };
		A4829F74CA7924F1B88AC472 /* Theme.swift */ = {isa = PBXFileReference; lastKnownFileType = sourcecode.swift; path = Theme.swift; sourceTree = "<group>"; };
		B025125C08743A957407838D /* Govvee.app */ = {isa = PBXFileReference; explicitFileType = wrapper.application; includeInIndex = 0; path = Govvee.app; sourceTree = BUILT_PRODUCTS_DIR; };
		EC29BF342CAB6F0B04F3A94A /* GovveeApp.swift */ = {isa = PBXFileReference; lastKnownFileType = sourcecode.swift; path = GovveeApp.swift; sourceTree = "<group>"; };
		EC2C5DA336638F6E05A3B6CE /* DeviceDetailView.swift */ = {isa = PBXFileReference; lastKnownFileType = sourcecode.swift; path = DeviceDetailView.swift; sourceTree = "<group>"; };
/* End PBXFileReference section */

/* Begin PBXGroup section */
		003E5F8CBD9077B7EADC8D70 /* Components */ = {
			isa = PBXGroup;
			children = (
				602B9335D6BBA42543B2F1CA /* CapabilityControls.swift */,
			);
			path = Components;
			sourceTree = "<group>";
		};
		3B68318D1EDBB698EC9DA085 /* Govvee */ = {
			isa = PBXGroup;
			children = (
				F618E96121681565D055EDFC /* Sources */,
			);
			path = Govvee;
			sourceTree = "<group>";
		};
		5886A957FC29A6437E5BC24D /* Services */ = {
			isa = PBXGroup;
			children = (
				48B961E244F3C68788378F13 /* AppState.swift */,
				365947679C18258032088113 /* GoveeAPIClient.swift */,
				223717E05E5BD0874DB2A626 /* KeychainStore.swift */,
			);
			path = Services;
			sourceTree = "<group>";
		};
		6890D7D41500E12ED57B14C1 /* Theme */ = {
			isa = PBXGroup;
			children = (
				A4829F74CA7924F1B88AC472 /* Theme.swift */,
			);
			path = Theme;
			sourceTree = "<group>";
		};
		A06DEEE4CD0EF429090C4FFD = {
			isa = PBXGroup;
			children = (
				3B68318D1EDBB698EC9DA085 /* Govvee */,
				A6BA05BB1488F5520B136DC8 /* Products */,
			);
			sourceTree = "<group>";
		};
		A6BA05BB1488F5520B136DC8 /* Products */ = {
			isa = PBXGroup;
			children = (
				B025125C08743A957407838D /* Govvee.app */,
			);
			name = Products;
			sourceTree = "<group>";
		};
		B3F3641FEA25680599EE0A47 /* Models */ = {
			isa = PBXGroup;
			children = (
				86A931C36209F6C871492950 /* GoveeModels.swift */,
			);
			path = Models;
			sourceTree = "<group>";
		};
		C64D9BDF2C757B5B63B80146 /* Views */ = {
			isa = PBXGroup;
			children = (
				EC2C5DA336638F6E05A3B6CE /* DeviceDetailView.swift */,
				2617C991DEDE85F68BCC6037 /* DeviceListView.swift */,
				7E2C46E77D10544E24F455EA /* LoginView.swift */,
				003E5F8CBD9077B7EADC8D70 /* Components */,
			);
			path = Views;
			sourceTree = "<group>";
		};
		F618E96121681565D055EDFC /* Sources */ = {
			isa = PBXGroup;
			children = (
				EC29BF342CAB6F0B04F3A94A /* GovveeApp.swift */,
				B3F3641FEA25680599EE0A47 /* Models */,
				5886A957FC29A6437E5BC24D /* Services */,
				6890D7D41500E12ED57B14C1 /* Theme */,
				C64D9BDF2C757B5B63B80146 /* Views */,
			);
			path = Sources;
			sourceTree = "<group>";
		};
/* End PBXGroup section */

/* Begin PBXNativeTarget section */
		2848EE251B612F70F7BC1C5B /* Govvee */ = {
			isa = PBXNativeTarget;
			buildConfigurationList = 458D42E7019ECDA2159418D4 /* Build configuration list for PBXNativeTarget "Govvee" */;
			buildPhases = (
				630189EAE9D429FCD72A8F25 /* Sources */,
			);
			buildRules = (
			);
			dependencies = (
			);
			name = Govvee;
			packageProductDependencies = (
			);
			productName = Govvee;
			productReference = B025125C08743A957407838D /* Govvee.app */;
			productType = "com.apple.product-type.application";
		};
/* End PBXNativeTarget section */

/* Begin PBXProject section */
		0704BD7604566D10C5D43DD0 /* Project object */ = {
			isa = PBXProject;
			attributes = {
				BuildIndependentTargetsInParallel = YES;
				LastUpgradeCheck = 1430;
				TargetAttributes = {
				};
			};
			buildConfigurationList = 4B5BF1A3E0B5B2DCBDAA7D1D /* Build configuration list for PBXProject "Govvee" */;
			developmentRegion = en;
			hasScannedForEncodings = 0;
			knownRegions = (
				Base,
				en,
			);
			mainGroup = A06DEEE4CD0EF429090C4FFD;
			minimizedProjectReferenceProxies = 1;
			preferredProjectObjectVersion = 77;
			productRefGroup = A6BA05BB1488F5520B136DC8 /* Products */;
			projectDirPath = "";
			projectRoot = "";
			targets = (
				2848EE251B612F70F7BC1C5B /* Govvee */,
			);
		};
/* End PBXProject section */

/* Begin PBXSourcesBuildPhase section */
		630189EAE9D429FCD72A8F25 /* Sources */ = {
			isa = PBXSourcesBuildPhase;
			buildActionMask = 2147483647;
			files = (
				37D79C45A1D6B277EB2B0A8C /* AppState.swift in Sources */,
				68E56875B09715FF343D5AB3 /* CapabilityControls.swift in Sources */,
				DFEF2650BFE10DFD833C3D48 /* DeviceDetailView.swift in Sources */,
				AB2E22B544E5CC12B23A38D4 /* DeviceListView.swift in Sources */,
				D2D9B59434AA64ED687640DE /* GoveeAPIClient.swift in Sources */,
				8D6873B0251F801FECFE0EC5 /* GoveeModels.swift in Sources */,
				119A924FD169AF0CEC70F208 /* GovveeApp.swift in Sources */,
				AD13A143228550EA69785EB8 /* KeychainStore.swift in Sources */,
				295E123ACAA85EBE9A014876 /* LoginView.swift in Sources */,
				2A40EE448433181E5A9AB80F /* Theme.swift in Sources */,
			);
			runOnlyForDeploymentPostprocessing = 0;
		};
/* End PBXSourcesBuildPhase section */

/* Begin XCBuildConfiguration section */
		8E343857A22A447FF23B9C11 /* Debug */ = {
			isa = XCBuildConfiguration;
			buildSettings = {
				ALWAYS_SEARCH_USER_PATHS = NO;
				CLANG_ANALYZER_NONNULL = YES;
				CLANG_ANALYZER_NUMBER_OBJECT_CONVERSION = YES_AGGRESSIVE;
				CLANG_CXX_LANGUAGE_STANDARD = "gnu++14";
				CLANG_CXX_LIBRARY = "libc++";
				CLANG_ENABLE_MODULES = YES;
				CLANG_ENABLE_OBJC_ARC = YES;
				CLANG_ENABLE_OBJC_WEAK = YES;
				CLANG_WARN_BLOCK_CAPTURE_AUTORELEASING = YES;
				CLANG_WARN_BOOL_CONVERSION = YES;
				CLANG_WARN_COMMA = YES;
				CLANG_WARN_CONSTANT_CONVERSION = YES;
				CLANG_WARN_DEPRECATED_OBJC_IMPLEMENTATIONS = YES;
				CLANG_WARN_DIRECT_OBJC_ISA_USAGE = YES_ERROR;
				CLANG_WARN_DOCUMENTATION_COMMENTS = YES;
				CLANG_WARN_EMPTY_BODY = YES;
				CLANG_WARN_ENUM_CONVERSION = YES;
				CLANG_WARN_INFINITE_RECURSION = YES;
				CLANG_WARN_INT_CONVERSION = YES;
				CLANG_WARN_NON_LITERAL_NULL_CONVERSION = YES;
				CLANG_WARN_OBJC_IMPLICIT_RETAIN_SELF = YES;
				CLANG_WARN_OBJC_LITERAL_CONVERSION = YES;
				CLANG_WARN_OBJC_ROOT_CLASS = YES_ERROR;
				CLANG_WARN_QUOTED_INCLUDE_IN_FRAMEWORK_HEADER = YES;
				CLANG_WARN_RANGE_LOOP_ANALYSIS = YES;
				CLANG_WARN_STRICT_PROTOTYPES = YES;
				CLANG_WARN_SUSPICIOUS_MOVE = YES;
				CLANG_WARN_UNGUARDED_AVAILABILITY = YES_AGGRESSIVE;
				CLANG_WARN_UNREACHABLE_CODE = YES;
				CLANG_WARN__DUPLICATE_METHOD_MATCH = YES;
				COPY_PHASE_STRIP = NO;
				DEBUG_INFORMATION_FORMAT = dwarf;
				ENABLE_STRICT_OBJC_MSGSEND = YES;
				ENABLE_TESTABILITY = YES;
				GCC_C_LANGUAGE_STANDARD = gnu11;
				GCC_DYNAMIC_NO_PIC = NO;
				GCC_NO_COMMON_BLOCKS = YES;
				GCC_OPTIMIZATION_LEVEL = 0;
				GCC_PREPROCESSOR_DEFINITIONS = (
					"$(inherited)",
					"DEBUG=1",
				);
				GCC_WARN_64_TO_32_BIT_CONVERSION = YES;
				GCC_WARN_ABOUT_RETURN_TYPE = YES_ERROR;
				GCC_WARN_UNDECLARED_SELECTOR = YES;
				GCC_WARN_UNINITIALIZED_AUTOS = YES_AGGRESSIVE;
				GCC_WARN_UNUSED_FUNCTION = YES;
				GCC_WARN_UNUSED_VARIABLE = YES;
				MACOSX_DEPLOYMENT_TARGET = 14.0;
				MTL_ENABLE_DEBUG_INFO = INCLUDE_SOURCE;
				MTL_FAST_MATH = YES;
				ONLY_ACTIVE_ARCH = YES;
				PRODUCT_NAME = "$(TARGET_NAME)";
				SDKROOT = macosx;
				SWIFT_ACTIVE_COMPILATION_CONDITIONS = DEBUG;
				SWIFT_OPTIMIZATION_LEVEL = "-Onone";
				SWIFT_VERSION = 5.0;
			};
			name = Debug;
		};
		A0AF8AFB1B13384E5F6042C4 /* Debug */ = {
			isa = XCBuildConfiguration;
			buildSettings = {
				ASSETCATALOG_COMPILER_APPICON_NAME = AppIcon;
				CODE_SIGN_ENTITLEMENTS = Govvee/Resources/Govvee.entitlements;
				COMBINE_HIDPI_IMAGES = YES;
				CURRENT_PROJECT_VERSION = 1;
				ENABLE_HARDENED_RUNTIME = YES;
				GENERATE_INFOPLIST_FILE = YES;
				INFOPLIST_KEY_CFBundleDisplayName = Govvee;
				INFOPLIST_KEY_LSApplicationCategoryType = "public.app-category.utilities";
				INFOPLIST_KEY_NSHumanReadableCopyright = "";
				INFOPLIST_KEY_NSPrincipalClass = NSApplication;
				LD_RUNPATH_SEARCH_PATHS = (
					"$(inherited)",
					"@executable_path/../Frameworks",
				);
				MARKETING_VERSION = 1.0;
				PRODUCT_BUNDLE_IDENTIFIER = com.govvee.app;
				PRODUCT_NAME = Govvee;
				SDKROOT = macosx;
			};
			name = Debug;
		};
		B2DD5D18AB52249A7A5F3920 /* Release */ = {
			isa = XCBuildConfiguration;
			buildSettings = {
				ASSETCATALOG_COMPILER_APPICON_NAME = AppIcon;
				CODE_SIGN_ENTITLEMENTS = Govvee/Resources/Govvee.entitlements;
				COMBINE_HIDPI_IMAGES = YES;
				CURRENT_PROJECT_VERSION = 1;
				ENABLE_HARDENED_RUNTIME = YES;
				GENERATE_INFOPLIST_FILE = YES;
				INFOPLIST_KEY_CFBundleDisplayName = Govvee;
				INFOPLIST_KEY_LSApplicationCategoryType = "public.app-category.utilities";
				INFOPLIST_KEY_NSHumanReadableCopyright = "";
				INFOPLIST_KEY_NSPrincipalClass = NSApplication;
				LD_RUNPATH_SEARCH_PATHS = (
					"$(inherited)",
					"@executable_path/../Frameworks",
				);
				MARKETING_VERSION = 1.0;
				PRODUCT_BUNDLE_IDENTIFIER = com.govvee.app;
				PRODUCT_NAME = Govvee;
				SDKROOT = macosx;
			};
			name = Release;
		};
		DB87D92F272C27761AA5BBF9 /* Release */ = {
			isa = XCBuildConfiguration;
			buildSettings = {
				ALWAYS_SEARCH_USER_PATHS = NO;
				CLANG_ANALYZER_NONNULL = YES;
				CLANG_ANALYZER_NUMBER_OBJECT_CONVERSION = YES_AGGRESSIVE;
				CLANG_CXX_LANGUAGE_STANDARD = "gnu++14";
				CLANG_CXX_LIBRARY = "libc++";
				CLANG_ENABLE_MODULES = YES;
				CLANG_ENABLE_OBJC_ARC = YES;
				CLANG_ENABLE_OBJC_WEAK = YES;
				CLANG_WARN_BLOCK_CAPTURE_AUTORELEASING = YES;
				CLANG_WARN_BOOL_CONVERSION = YES;
				CLANG_WARN_COMMA = YES;
				CLANG_WARN_CONSTANT_CONVERSION = YES;
				CLANG_WARN_DEPRECATED_OBJC_IMPLEMENTATIONS = YES;
				CLANG_WARN_DIRECT_OBJC_ISA_USAGE = YES_ERROR;
				CLANG_WARN_DOCUMENTATION_COMMENTS = YES;
				CLANG_WARN_EMPTY_BODY = YES;
				CLANG_WARN_ENUM_CONVERSION = YES;
				CLANG_WARN_INFINITE_RECURSION = YES;
				CLANG_WARN_INT_CONVERSION = YES;
				CLANG_WARN_NON_LITERAL_NULL_CONVERSION = YES;
				CLANG_WARN_OBJC_IMPLICIT_RETAIN_SELF = YES;
				CLANG_WARN_OBJC_LITERAL_CONVERSION = YES;
				CLANG_WARN_OBJC_ROOT_CLASS = YES_ERROR;
				CLANG_WARN_QUOTED_INCLUDE_IN_FRAMEWORK_HEADER = YES;
				CLANG_WARN_RANGE_LOOP_ANALYSIS = YES;
				CLANG_WARN_STRICT_PROTOTYPES = YES;
				CLANG_WARN_SUSPICIOUS_MOVE = YES;
				CLANG_WARN_UNGUARDED_AVAILABILITY = YES_AGGRESSIVE;
				CLANG_WARN_UNREACHABLE_CODE = YES;
				CLANG_WARN__DUPLICATE_METHOD_MATCH = YES;
				COPY_PHASE_STRIP = NO;
				DEBUG_INFORMATION_FORMAT = "dwarf-with-dsym";
				ENABLE_NS_ASSERTIONS = NO;
				ENABLE_STRICT_OBJC_MSGSEND = YES;
				GCC_C_LANGUAGE_STANDARD = gnu11;
				GCC_NO_COMMON_BLOCKS = YES;
				GCC_WARN_64_TO_32_BIT_CONVERSION = YES;
				GCC_WARN_ABOUT_RETURN_TYPE = YES_ERROR;
				GCC_WARN_UNDECLARED_SELECTOR = YES;
				GCC_WARN_UNINITIALIZED_AUTOS = YES_AGGRESSIVE;
				GCC_WARN_UNUSED_FUNCTION = YES;
				GCC_WARN_UNUSED_VARIABLE = YES;
				MACOSX_DEPLOYMENT_TARGET = 14.0;
				MTL_ENABLE_DEBUG_INFO = NO;
				MTL_FAST_MATH = YES;
				PRODUCT_NAME = "$(TARGET_NAME)";
				SDKROOT = macosx;
				SWIFT_COMPILATION_MODE = wholemodule;
				SWIFT_OPTIMIZATION_LEVEL = "-O";
				SWIFT_VERSION = 5.0;
			};
			name = Release;
		};
/* End XCBuildConfiguration section */

/* Begin XCConfigurationList section */
		458D42E7019ECDA2159418D4 /* Build configuration list for PBXNativeTarget "Govvee" */ = {
			isa = XCConfigurationList;
			buildConfigurations = (
				A0AF8AFB1B13384E5F6042C4 /* Debug */,
				B2DD5D18AB52249A7A5F3920 /* Release */,
			);
			defaultConfigurationIsVisible = 0;
			defaultConfigurationName = Debug;
		};
		4B5BF1A3E0B5B2DCBDAA7D1D /* Build configuration list for PBXProject "Govvee" */ = {
			isa = XCConfigurationList;
			buildConfigurations = (
				8E343857A22A447FF23B9C11 /* Debug */,
				DB87D92F272C27761AA5BBF9 /* Release */,
			);
			defaultConfigurationIsVisible = 0;
			defaultConfigurationName = Debug;
		};
/* End XCConfigurationList section */
	};
	rootObject = 0704BD7604566D10C5D43DD0 /* Project object */;
}
